
Microsoft Visual Studio Solution File, Format Version 12.00
# Visual Studio 15
VisualStudioVersion = 15.0.28307.489
MinimumVisualStudioVersion = 10.0.40219.1
Project("{9A19103F-16F7-4668-BE54-9A1E7A4F7556}") = "SimpleJwt", "SimpleJwt\SimpleJwt.csproj", "{A70F91CA-275D-4625-8774-81244E32C62D}"
EndProject
Project("{FAE04EC0-301F-11D3-BF4B-00C04F79EFBC}") = "WebApiDemo", "WebApiDemo\WebApiDemo.csproj", "{EA8D920A-F165-4078-9461-7F99F29F6C32}"
EndProject
Project("{FAE04EC0-301F-11D3-BF4B-00C04F79EFBC}") = "Xpo.RestDataStoreClient", "XpoDalRestApi\Xpo.RestDataStoreClient.csproj", "{02698D5E-4BFB-4C6A-A997-A940A4B60C73}"
EndProject
Project("{FAE04EC0-301F-11D3-BF4B-00C04F79EFBC}") = "Xpo.RestDataStore", "Xpo.RestDal\Xpo.RestDataStore.csproj", "{C75000A5-E4BD-4F67-A216-07B7C0698CB0}"
EndProject
Global
	GlobalSection(SolutionConfigurationPlatforms) = preSolution
		Debug|Any CPU = Debug|Any CPU
		Release|Any CPU = Release|Any CPU
	EndGlobalSection
	GlobalSection(ProjectConfigurationPlatforms) = postSolution
		{A70F91CA-275D-4625-8774-81244E32C62D}.Debug|Any CPU.ActiveCfg = Debug|Any CPU
		{A70F91CA-275D-4625-8774-81244E32C62D}.Debug|Any CPU.Build.0 = Debug|Any CPU
		{A70F91CA-275D-4625-8774-81244E32C62D}.Release|Any CPU.ActiveCfg = Release|Any CPU
		{A70F91CA-275D-4625-8774-81244E32C62D}.Release|Any CPU.Build.0 = Release|Any CPU
		{EA8D920A-F165-4078-9461-7F99F29F6C32}.Debug|Any CPU.ActiveCfg = Debug|Any CPU
		{EA8D920A-F165-4078-9461-7F99F29F6C32}.Debug|Any CPU.Build.0 = Debug|Any CPU
		{EA8D920A-F165-4078-9461-7F99F29F6C32}.Release|Any CPU.ActiveCfg = Release|Any CPU
		{EA8D920A-F165-4078-9461-7F99F29F6C32}.Release|Any CPU.Build.0 = Release|Any CPU
		{02698D5E-4BFB-4C6A-A997-A940A4B60C73}.Debug|Any CPU.ActiveCfg = Debug|Any CPU
		{02698D5E-4BFB-4C6A-A997-A940A4B60C73}.Debug|Any CPU.Build.0 = Debug|Any CPU
		{02698D5E-4BFB-4C6A-A997-A940A4B60C73}.Release|Any CPU.ActiveCfg = Release|Any CPU
		{02698D5E-4BFB-4C6A-A997-A940A4B60C73}.Release|Any CPU.Build.0 = Release|Any CPU
		{C75000A5-E4BD-4F67-A216-07B7C0698CB0}.Debug|Any CPU.ActiveCfg = Debug|Any CPU
		{C75000A5-E4BD-4F67-A216-07B7C0698CB0}.Debug|Any CPU.Build.0 = Debug|Any CPU
		{C75000A5-E4BD-4F67-A216-07B7C0698CB0}.Release|Any CPU.ActiveCfg = Release|Any CPU
		{C75000A5-E4BD-4F67-A216-07B7C0698CB0}.Release|Any CPU.Build.0 = Release|Any CPU
	EndGlobalSection
	GlobalSection(SolutionProperties) = preSolution
		HideSolutionNode = FALSE
	EndGlobalSection
	GlobalSection(ExtensibilityGlobals) = postSolution
		SolutionGuid = {3EBD4F05-53C6-48AE-95E7-B14550433D33}
	EndGlobalSection
EndGlobal
